
Microsoft Visual Studio Solution File, Format Version 12.00
# Visual Studio 15
VisualStudioVersion = 15.0.27130.2036
MinimumVisualStudioVersion = 10.0.40219.1
Project("{FAE04EC0-301F-11D3-BF4B-00C04F79EFBC}") = "MWCA.Net", "MWCA.Net\MWCA.Net.csproj", "{958529C9-3C4B-45D5-976A-1591B5942CEF}"
EndProject
Project("{FAE04EC0-301F-11D3-BF4B-00C04F79EFBC}") = "MWCAConsole", "MWCAExample\MWCAConsole.csproj", "{6491ACA0-490B-4A25-A14D-9DF9D881BB94}"
EndProject
Global
	GlobalSection(SolutionConfigurationPlatforms) = preSolution
		Debug|Any CPU = Debug|Any CPU
		Release|Any CPU = Release|Any CPU
	EndGlobalSection
	GlobalSection(ProjectConfigurationPlatforms) = postSolution
		{958529C9-3C4B-45D5-976A-1591B5942CEF}.Debug|Any CPU.ActiveCfg = Debug|Any CPU
		{958529C9-3C4B-45D5-976A-1591B5942CEF}.Debug|Any CPU.Build.0 = Debug|Any CPU
		{958529C9-3C4B-45D5-976A-1591B5942CEF}.Release|Any CPU.ActiveCfg = Release|Any CPU
		{958529C9-3C4B-45D5-976A-1591B5942CEF}.Release|Any CPU.Build.0 = Release|Any CPU
		{6491ACA0-490B-4A25-A14D-9DF9D881BB94}.Debug|Any CPU.ActiveCfg = Debug|Any CPU
		{6491ACA0-490B-4A25-A14D-9DF9D881BB94}.Debug|Any CPU.Build.0 = Debug|Any CPU
		{6491ACA0-490B-4A25-A14D-9DF9D881BB94}.Release|Any CPU.ActiveCfg = Release|Any CPU
		{6491ACA0-490B-4A25-A14D-9DF9D881BB94}.Release|Any CPU.Build.0 = Release|Any CPU
	EndGlobalSection
	GlobalSection(SolutionProperties) = preSolution
		HideSolutionNode = FALSE
	EndGlobalSection
	GlobalSection(ExtensibilityGlobals) = postSolution
		SolutionGuid = {1A23901B-F776-41A8-9D1E-7F0115C6F838}
	EndGlobalSection
EndGlobal
